github.com/CodeYourFuture/curriculum/common-theme v0.0.0-20250116175604-77bd7633e7e8 h1:mQyfho4LPzE1E9n/6p6tV3OOwHAMe3FrkU9vRUwTvLc=
github.com/CodeYourFuture/curriculum/common-theme v0.0.0-20250116175604-77bd7633e7e8/go.mod h1:kzt+J4JYp5C3GD1dX0rf7vY5fsTUc6Drrn+7p7pjmLg=
github.com/CodeYourFuture/curriculum/common-theme v0.0.0-20250301085707-8e8eb56f6f85 h1:wFs+GQvY9B78rnCBghl2CA5yJ/TbyxdExD/b8I8wXxc=
github.com/CodeYourFuture/curriculum/common-theme v0.0.0-20250301085707-8e8eb56f6f85/go.mod h1:kzt+J4JYp5C3GD1dX0rf7vY5fsTUc6Drrn+7p7pjmLg=
